// !$*UTF8*$!
{
	archiveVersion = 1;
	classes = {
	};
	objectVersion = 56;
	objects = {

/* Begin PBXBuildFile section */
		109DF925D8676CAF226137A3 /* Pods_oneone2Tests.framework in Frameworks */ = {isa = PBXBuildFile; fileRef = 7E43E6CC980A3FECFC89156F /* Pods_oneone2Tests.framework */; };
		5DDFBD85312ABE5FEF115B0F /* Pods_oneone2_oneone2UITests.framework in Frameworks */ = {isa = PBXBuildFile; fileRef = AB52EC3BA20F8F800ED2CE7B /* Pods_oneone2_oneone2UITests.framework */; };
		6545EAB82CEA3ABC00763A13 /* CategoryPopupViewController.swift in Sources */ = {isa = PBXBuildFile; fileRef = 6545EAB72CEA3ABC00763A13 /* CategoryPopupViewController.swift */; };
		6548EA952CDCFE5000359E90 /* AppDelegate.swift in Sources */ = {isa = PBXBuildFile; fileRef = 6548EA942CDCFE5000359E90 /* AppDelegate.swift */; };
		6548EA972CDCFE5000359E90 /* SceneDelegate.swift in Sources */ = {isa = PBXBuildFile; fileRef = 6548EA962CDCFE5000359E90 /* SceneDelegate.swift */; };
		6548EA9C2CDCFE5000359E90 /* Base in Resources */ = {isa = PBXBuildFile; fileRef = 6548EA9B2CDCFE5000359E90 /* Base */; };
		6548EA9E2CDCFE5200359E90 /* Assets.xcassets in Resources */ = {isa = PBXBuildFile; fileRef = 6548EA9D2CDCFE5200359E90 /* Assets.xcassets */; };
		6548EAA12CDCFE5200359E90 /* Base in Resources */ = {isa = PBXBuildFile; fileRef = 6548EAA02CDCFE5200359E90 /* Base */; };
		6548EAAC2CDCFE5200359E90 /* oneone2Tests.swift in Sources */ = {isa = PBXBuildFile; fileRef = 6548EAAB2CDCFE5200359E90 /* oneone2Tests.swift */; };
		6548EAB62CDCFE5200359E90 /* oneone2UITests.swift in Sources */ = {isa = PBXBuildFile; fileRef = 6548EAB52CDCFE5200359E90 /* oneone2UITests.swift */; };
		6548EAB82CDCFE5200359E90 /* oneone2UITestsLaunchTests.swift in Sources */ = {isa = PBXBuildFile; fileRef = 6548EAB72CDCFE5200359E90 /* oneone2UITestsLaunchTests.swift */; };
		6548EAC52CDD00F800359E90 /* MainViewController.swift in Sources */ = {isa = PBXBuildFile; fileRef = 6548EAC42CDD00F800359E90 /* MainViewController.swift */; };
		6548EAC72CDD02F400359E90 /* GoogleService-Info.plist in Resources */ = {isa = PBXBuildFile; fileRef = 6548EAC62CDD02F400359E90 /* GoogleService-Info.plist */; };
		6548EAD22CDD09D200359E90 /* LoginViewController.swift in Sources */ = {isa = PBXBuildFile; fileRef = 6548EAD12CDD09D200359E90 /* LoginViewController.swift */; };
		6548EAF82CDE577200359E90 /* FirebaseAuth.framework in Frameworks */ = {isa = PBXBuildFile; fileRef = 6548EAF02CDE557500359E90 /* FirebaseAuth.framework */; };
		6548EAFA2CDE577400359E90 /* FirebaseCore.framework in Frameworks */ = {isa = PBXBuildFile; fileRef = 6548EAEE2CDE557100359E90 /* FirebaseCore.framework */; };
		6548EAFC2CDE577600359E90 /* GTMSessionFetcher.framework in Frameworks */ = {isa = PBXBuildFile; fileRef = 6548EAF22CDE559B00359E90 /* GTMSessionFetcher.framework */; };
		6548EAFE2CDE577900359E90 /* Pods_oneone2.framework in Frameworks */ = {isa = PBXBuildFile; fileRef = 1F29D09B327110D9F19C4169 /* Pods_oneone2.framework */; };
		6548EAFF2CDE577900359E90 /* Pods_oneone2.framework in Embed Frameworks */ = {isa = PBXBuildFile; fileRef = 1F29D09B327110D9F19C4169 /* Pods_oneone2.framework */; settings = {ATTRIBUTES = (CodeSignOnCopy, RemoveHeadersOnCopy, ); }; };
		655E03E42CDF55BD00E22E76 /* DiaryEntry.swift in Sources */ = {isa = PBXBuildFile; fileRef = 655E03E32CDF55BD00E22E76 /* DiaryEntry.swift */; };
		655E03E62CDF5D1C00E22E76 /* ListViewController.swift in Sources */ = {isa = PBXBuildFile; fileRef = 655E03E52CDF5D1C00E22E76 /* ListViewController.swift */; };
		655E03E92CDF604600E22E76 /* ListViewController+Extension.swift in Sources */ = {isa = PBXBuildFile; fileRef = 655E03E82CDF604600E22E76 /* ListViewController+Extension.swift */; };
		655E03EB2CDF653B00E22E76 /* MainViewController+Extension.swift in Sources */ = {isa = PBXBuildFile; fileRef = 655E03EA2CDF653B00E22E76 /* MainViewController+Extension.swift */; };
		6579E7022CDE683D00D475C6 /* Main.storyboard in Resources */ = {isa = PBXBuildFile; fileRef = 6548EA9A2CDCFE5000359E90 /* Main.storyboard */; };
		65A0CC582CDF2622001E7C1B /* UIColor_CustomColors.swift in Sources */ = {isa = PBXBuildFile; fileRef = 65A0CC572CDF2622001E7C1B /* UIColor_CustomColors.swift */; };
		65A0CC5A2CDF2C74001E7C1B /* MainViewController+FSCalendar.swift in Sources */ = {isa = PBXBuildFile; fileRef = 65A0CC592CDF2C74001E7C1B /* MainViewController+FSCalendar.swift */; };
		65A0CC612CDF3A08001E7C1B /* TodoTableViewCell.swift in Sources */ = {isa = PBXBuildFile; fileRef = 65A0CC602CDF3A08001E7C1B /* TodoTableViewCell.swift */; };
		65BFC2952CEA3F2300C5BF3E /* FloatingPanel.framework in Frameworks */ = {isa = PBXBuildFile; fileRef = 65BFC2942CEA3F2300C5BF3E /* FloatingPanel.framework */; };
		65BFC2972CEB094400C5BF3E /* CategoryModel.swift in Sources */ = {isa = PBXBuildFile; fileRef = 65BFC2962CEB094400C5BF3E /* CategoryModel.swift */; };
		65BFC2992CEB095500C5BF3E /* CategoryEntry.swift in Sources */ = {isa = PBXBuildFile; fileRef = 65BFC2982CEB095500C5BF3E /* CategoryEntry.swift */; };
		65BFC29B2CEB0A0A00C5BF3E /* CategoryViewModel.swift in Sources */ = {isa = PBXBuildFile; fileRef = 65BFC29A2CEB0A0A00C5BF3E /* CategoryViewModel.swift */; };
		65BFC29D2CEB11BB00C5BF3E /* CategoryAddViewController.swift in Sources */ = {isa = PBXBuildFile; fileRef = 65BFC29C2CEB11BB00C5BF3E /* CategoryAddViewController.swift */; };
		65BFC29F2CEB157C00C5BF3E /* EmojiOnlyTextField.swift in Sources */ = {isa = PBXBuildFile; fileRef = 65BFC29E2CEB157C00C5BF3E /* EmojiOnlyTextField.swift */; };
		65BFC2A12CEB165A00C5BF3E /* Category+Extension.swift in Sources */ = {isa = PBXBuildFile; fileRef = 65BFC2A02CEB165A00C5BF3E /* Category+Extension.swift */; };
		65BFC2A32CEB199D00C5BF3E /* CategoryTableViewCell.swift in Sources */ = {isa = PBXBuildFile; fileRef = 65BFC2A22CEB199D00C5BF3E /* CategoryTableViewCell.swift */; };
		65BFC2A62CEB200400C5BF3E /* CategorySelectDelegate.swift in Sources */ = {isa = PBXBuildFile; fileRef = 65BFC2A52CEB200400C5BF3E /* CategorySelectDelegate.swift */; };
		65BFC2AA2CEB41E200C5BF3E /* CustomFloatingPanelLayout.swift in Sources */ = {isa = PBXBuildFile; fileRef = 65BFC2A92CEB41E200C5BF3E /* CustomFloatingPanelLayout.swift */; };
		65C013F32CDF4A64007410E2 /* WriteViewController.swift in Sources */ = {isa = PBXBuildFile; fileRef = 65C013F22CDF4A64007410E2 /* WriteViewController.swift */; };
		65CDB7B12CE8791700402DD4 /* NoonnuBasicGothicRegular.ttf in Resources */ = {isa = PBXBuildFile; fileRef = 65CDB7B02CE8791700402DD4 /* NoonnuBasicGothicRegular.ttf */; };
		65CDB7B32CE881FD00402DD4 /* DiaryModel.swift in Sources */ = {isa = PBXBuildFile; fileRef = 65CDB7B22CE881FD00402DD4 /* DiaryModel.swift */; };
		65CDB7B52CE8847100402DD4 /* UserSeesion.swift in Sources */ = {isa = PBXBuildFile; fileRef = 65CDB7B42CE8847100402DD4 /* UserSeesion.swift */; };
		65CDB7B82CE8878300402DD4 /* DiaryViewModel.swift in Sources */ = {isa = PBXBuildFile; fileRef = 65CDB7B72CE8878300402DD4 /* DiaryViewModel.swift */; };
/* End PBXBuildFile section */

/* Begin PBXContainerItemProxy section */
		6548EAA82CDCFE5200359E90 /* PBXContainerItemProxy */ = {
			isa = PBXContainerItemProxy;
			containerPortal = 6548EA892CDCFE5000359E90 /* Project object */;
			proxyType = 1;
			remoteGlobalIDString = 6548EA902CDCFE5000359E90;
			remoteInfo = oneone2;
		};
		6548EAB22CDCFE5200359E90 /* PBXContainerItemProxy */ = {
			isa = PBXContainerItemProxy;
			containerPortal = 6548EA892CDCFE5000359E90 /* Project object */;
			proxyType = 1;
			remoteGlobalIDString = 6548EA902CDCFE5000359E90;
			remoteInfo = oneone2;
		};
/* End PBXContainerItemProxy section */

/* Begin PBXCopyFilesBuildPhase section */
		6548EAD62CDD0A9900359E90 /* Embed Frameworks */ = {
			isa = PBXCopyFilesBuildPhase;
			buildActionMask = 2147483647;
			dstPath = "";
			dstSubfolderSpec = 10;
			files = (
				6548EAFF2CDE577900359E90 /* Pods_oneone2.framework in Embed Frameworks */,
			);
			name = "Embed Frameworks";
			runOnlyForDeploymentPostprocessing = 0;
		};
/* End PBXCopyFilesBuildPhase section */

/* Begin PBXFileReference section */
		1F29D09B327110D9F19C4169 /* Pods_oneone2.framework */ = {isa = PBXFileReference; explicitFileType = wrapper.framework; includeInIndex = 0; path = Pods_oneone2.framework; sourceTree = BUILT_PRODUCTS_DIR; };
		312A4071A339FE4862977826 /* Pods-oneone2-oneone2UITests.release.xcconfig */ = {isa = PBXFileReference; includeInIndex = 1; lastKnownFileType = text.xcconfig; name = "Pods-oneone2-oneone2UITests.release.xcconfig"; path = "Target Support Files/Pods-oneone2-oneone2UITests/Pods-oneone2-oneone2UITests.release.xcconfig"; sourceTree = "<group>"; };
		32B29F75421B8F8F991E4F66 /* Pods-oneone2.release.xcconfig */ = {isa = PBXFileReference; includeInIndex = 1; lastKnownFileType = text.xcconfig; name = "Pods-oneone2.release.xcconfig"; path = "Target Support Files/Pods-oneone2/Pods-oneone2.release.xcconfig"; sourceTree = "<group>"; };
		34BDDC47F1E4EAB6ADE743C4 /* Pods-oneone2-oneone2UITests.debug.xcconfig */ = {isa = PBXFileReference; includeInIndex = 1; lastKnownFileType = text.xcconfig; name = "Pods-oneone2-oneone2UITests.debug.xcconfig"; path = "Target Support Files/Pods-oneone2-oneone2UITests/Pods-oneone2-oneone2UITests.debug.xcconfig"; sourceTree = "<group>"; };
		650135112CDE596700622A5A /* FSCalendar.framework */ = {isa = PBXFileReference; explicitFileType = wrapper.framework; path = FSCalendar.framework; sourceTree = BUILT_PRODUCTS_DIR; };
		6545EAB72CEA3ABC00763A13 /* CategoryPopupViewController.swift */ = {isa = PBXFileReference; lastKnownFileType = sourcecode.swift; path = CategoryPopupViewController.swift; sourceTree = "<group>"; };
		6548EA912CDCFE5000359E90 /* oneone2.app */ = {isa = PBXFileReference; explicitFileType = wrapper.application; includeInIndex = 0; path = oneone2.app; sourceTree = BUILT_PRODUCTS_DIR; };
		6548EA942CDCFE5000359E90 /* AppDelegate.swift */ = {isa = PBXFileReference; lastKnownFileType = sourcecode.swift; path = AppDelegate.swift; sourceTree = "<group>"; };
		6548EA962CDCFE5000359E90 /* SceneDelegate.swift */ = {isa = PBXFileReference; lastKnownFileType = sourcecode.swift; path = SceneDelegate.swift; sourceTree = "<group>"; };
		6548EA9B2CDCFE5000359E90 /* Base */ = {isa = PBXFileReference; lastKnownFileType = file.storyboard; name = Base; path = Base.lproj/Main.storyboard; sourceTree = "<group>"; };
		6548EA9D2CDCFE5200359E90 /* Assets.xcassets */ = {isa = PBXFileReference; lastKnownFileType = folder.assetcatalog; path = Assets.xcassets; sourceTree = "<group>"; };
		6548EAA02CDCFE5200359E90 /* Base */ = {isa = PBXFileReference; lastKnownFileType = file.storyboard; name = Base; path = Base.lproj/LaunchScreen.storyboard; sourceTree = "<group>"; };
		6548EAA22CDCFE5200359E90 /* Info.plist */ = {isa = PBXFileReference; lastKnownFileType = text.plist.xml; path = Info.plist; sourceTree = "<group>"; };
		6548EAA72CDCFE5200359E90 /* oneone2Tests.xctest */ = {isa = PBXFileReference; explicitFileType = wrapper.cfbundle; includeInIndex = 0; path = oneone2Tests.xctest; sourceTree = BUILT_PRODUCTS_DIR; };
		6548EAAB2CDCFE5200359E90 /* oneone2Tests.swift */ = {isa = PBXFileReference; lastKnownFileType = sourcecode.swift; path = oneone2Tests.swift; sourceTree = "<group>"; };
		6548EAB12CDCFE5200359E90 /* oneone2UITests.xctest */ = {isa = PBXFileReference; explicitFileType = wrapper.cfbundle; includeInIndex = 0; path = oneone2UITests.xctest; sourceTree = BUILT_PRODUCTS_DIR; };
		6548EAB52CDCFE5200359E90 /* oneone2UITests.swift */ = {isa = PBXFileReference; lastKnownFileType = sourcecode.swift; path = oneone2UITests.swift; sourceTree = "<group>"; };
		6548EAB72CDCFE5200359E90 /* oneone2UITestsLaunchTests.swift */ = {isa = PBXFileReference; lastKnownFileType = sourcecode.swift; path = oneone2UITestsLaunchTests.swift; sourceTree = "<group>"; };
		6548EAC42CDD00F800359E90 /* MainViewController.swift */ = {isa = PBXFileReference; lastKnownFileType = sourcecode.swift; path = MainViewController.swift; sourceTree = "<group>"; };
		6548EAC62CDD02F400359E90 /* GoogleService-Info.plist */ = {isa = PBXFileReference; fileEncoding = 4; lastKnownFileType = text.plist.xml; name = "GoogleService-Info.plist"; path = "../../../../Downloads/GoogleService-Info.plist"; sourceTree = "<group>"; };
		6548EAD12CDD09D200359E90 /* LoginViewController.swift */ = {isa = PBXFileReference; lastKnownFileType = sourcecode.swift; path = LoginViewController.swift; sourceTree = "<group>"; };
		6548EAD32CDD0A9900359E90 /* FirebaseAuth.framework */ = {isa = PBXFileReference; explicitFileType = wrapper.framework; path = FirebaseAuth.framework; sourceTree = BUILT_PRODUCTS_DIR; };
		6548EAD72CDD0AA400359E90 /* FirebaseAuthInterop.framework */ = {isa = PBXFileReference; explicitFileType = wrapper.framework; path = FirebaseAuthInterop.framework; sourceTree = BUILT_PRODUCTS_DIR; };
		6548EADA2CDD0AAB00359E90 /* GTMSessionFetcher.framework */ = {isa = PBXFileReference; explicitFileType = wrapper.framework; path = GTMSessionFetcher.framework; sourceTree = BUILT_PRODUCTS_DIR; };
		6548EADD2CDD0AB200359E90 /* FirebaseAuth_Privacy.bundle */ = {isa = PBXFileReference; explicitFileType = wrapper.cfbundle; path = FirebaseAuth_Privacy.bundle; sourceTree = BUILT_PRODUCTS_DIR; };
		6548EAE22CDD0B2700359E90 /* GTMSessionFetcher.framework */ = {isa = PBXFileReference; explicitFileType = wrapper.framework; path = GTMSessionFetcher.framework; sourceTree = BUILT_PRODUCTS_DIR; };
		6548EAEC2CDD0B6600359E90 /* GTMSessionFetcher.framework */ = {isa = PBXFileReference; explicitFileType = wrapper.framework; path = GTMSessionFetcher.framework; sourceTree = BUILT_PRODUCTS_DIR; };
		6548EAEE2CDE557100359E90 /* FirebaseCore.framework */ = {isa = PBXFileReference; explicitFileType = wrapper.framework; path = FirebaseCore.framework; sourceTree = BUILT_PRODUCTS_DIR; };
		6548EAF02CDE557500359E90 /* FirebaseAuth.framework */ = {isa = PBXFileReference; explicitFileType = wrapper.framework; path = FirebaseAuth.framework; sourceTree = BUILT_PRODUCTS_DIR; };
		6548EAF22CDE559B00359E90 /* GTMSessionFetcher.framework */ = {isa = PBXFileReference; explicitFileType = wrapper.framework; path = GTMSessionFetcher.framework; sourceTree = BUILT_PRODUCTS_DIR; };
		6548EAF42CDE559F00359E90 /* FirebaseAuthInterop.framework */ = {isa = PBXFileReference; explicitFileType = wrapper.framework; path = FirebaseAuthInterop.framework; sourceTree = BUILT_PRODUCTS_DIR; };
		6548EAF62CDE575B00359E90 /* FirebaseAuth.framework */ = {isa = PBXFileReference; explicitFileType = wrapper.framework; path = FirebaseAuth.framework; sourceTree = BUILT_PRODUCTS_DIR; };
		655E03E32CDF55BD00E22E76 /* DiaryEntry.swift */ = {isa = PBXFileReference; lastKnownFileType = sourcecode.swift; path = DiaryEntry.swift; sourceTree = "<group>"; };
		655E03E52CDF5D1C00E22E76 /* ListViewController.swift */ = {isa = PBXFileReference; lastKnownFileType = sourcecode.swift; path = ListViewController.swift; sourceTree = "<group>"; };
		655E03E82CDF604600E22E76 /* ListViewController+Extension.swift */ = {isa = PBXFileReference; lastKnownFileType = sourcecode.swift; path = "ListViewController+Extension.swift"; sourceTree = "<group>"; };
		655E03EA2CDF653B00E22E76 /* MainViewController+Extension.swift */ = {isa = PBXFileReference; lastKnownFileType = sourcecode.swift; path = "MainViewController+Extension.swift"; sourceTree = "<group>"; };
		6579E7002CDE66DC00D475C6 /* FSCalendar.framework */ = {isa = PBXFileReference; explicitFileType = wrapper.framework; path = FSCalendar.framework; sourceTree = BUILT_PRODUCTS_DIR; };
		6586EA532CDE626E00012A94 /* FSCalendar.framework */ = {isa = PBXFileReference; explicitFileType = wrapper.framework; path = FSCalendar.framework; sourceTree = BUILT_PRODUCTS_DIR; };
		65A0CC572CDF2622001E7C1B /* UIColor_CustomColors.swift */ = {isa = PBXFileReference; lastKnownFileType = sourcecode.swift; path = UIColor_CustomColors.swift; sourceTree = "<group>"; };
		65A0CC592CDF2C74001E7C1B /* MainViewController+FSCalendar.swift */ = {isa = PBXFileReference; lastKnownFileType = sourcecode.swift; path = "MainViewController+FSCalendar.swift"; sourceTree = "<group>"; };
		65A0CC5D2CDF315E001E7C1B /* NoonnuBasicGothicRegular.ttf */ = {isa = PBXFileReference; lastKnownFileType = file; path = NoonnuBasicGothicRegular.ttf; sourceTree = "<group>"; };
		65A0CC602CDF3A08001E7C1B /* TodoTableViewCell.swift */ = {isa = PBXFileReference; lastKnownFileType = sourcecode.swift; path = TodoTableViewCell.swift; sourceTree = "<group>"; };
		65BFC2942CEA3F2300C5BF3E /* FloatingPanel.framework */ = {isa = PBXFileReference; explicitFileType = wrapper.framework; path = FloatingPanel.framework; sourceTree = BUILT_PRODUCTS_DIR; };
		65BFC2962CEB094400C5BF3E /* CategoryModel.swift */ = {isa = PBXFileReference; lastKnownFileType = sourcecode.swift; path = CategoryModel.swift; sourceTree = "<group>"; };
		65BFC2982CEB095500C5BF3E /* CategoryEntry.swift */ = {isa = PBXFileReference; lastKnownFileType = sourcecode.swift; path = CategoryEntry.swift; sourceTree = "<group>"; };
		65BFC29A2CEB0A0A00C5BF3E /* CategoryViewModel.swift */ = {isa = PBXFileReference; lastKnownFileType = sourcecode.swift; path = CategoryViewModel.swift; sourceTree = "<group>"; };
		65BFC29C2CEB11BB00C5BF3E /* CategoryAddViewController.swift */ = {isa = PBXFileReference; lastKnownFileType = sourcecode.swift; path = CategoryAddViewController.swift; sourceTree = "<group>"; };
		65BFC29E2CEB157C00C5BF3E /* EmojiOnlyTextField.swift */ = {isa = PBXFileReference; lastKnownFileType = sourcecode.swift; path = EmojiOnlyTextField.swift; sourceTree = "<group>"; };
		65BFC2A02CEB165A00C5BF3E /* Category+Extension.swift */ = {isa = PBXFileReference; lastKnownFileType = sourcecode.swift; path = "Category+Extension.swift"; sourceTree = "<group>"; };
		65BFC2A22CEB199D00C5BF3E /* CategoryTableViewCell.swift */ = {isa = PBXFileReference; lastKnownFileType = sourcecode.swift; path = CategoryTableViewCell.swift; sourceTree = "<group>"; };
		65BFC2A52CEB200400C5BF3E /* CategorySelectDelegate.swift */ = {isa = PBXFileReference; lastKnownFileType = sourcecode.swift; path = CategorySelectDelegate.swift; sourceTree = "<group>"; };
		65BFC2A92CEB41E200C5BF3E /* CustomFloatingPanelLayout.swift */ = {isa = PBXFileReference; lastKnownFileType = sourcecode.swift; path = CustomFloatingPanelLayout.swift; sourceTree = "<group>"; };
		65C013F22CDF4A64007410E2 /* WriteViewController.swift */ = {isa = PBXFileReference; lastKnownFileType = sourcecode.swift; path = WriteViewController.swift; sourceTree = "<group>"; };
		65CDB7B02CE8791700402DD4 /* NoonnuBasicGothicRegular.ttf */ = {isa = PBXFileReference; lastKnownFileType = file; path = NoonnuBasicGothicRegular.ttf; sourceTree = "<group>"; };
		65CDB7B22CE881FD00402DD4 /* DiaryModel.swift */ = {isa = PBXFileReference; lastKnownFileType = sourcecode.swift; path = DiaryModel.swift; sourceTree = "<group>"; };
		65CDB7B42CE8847100402DD4 /* UserSeesion.swift */ = {isa = PBXFileReference; lastKnownFileType = sourcecode.swift; path = UserSeesion.swift; sourceTree = "<group>"; };
		65CDB7B72CE8878300402DD4 /* DiaryViewModel.swift */ = {isa = PBXFileReference; lastKnownFileType = sourcecode.swift; path = DiaryViewModel.swift; sourceTree = "<group>"; };
		7928227DCF0A51DCE821B65E /* Pods-oneone2.debug.xcconfig */ = {isa = PBXFileReference; includeInIndex = 1; lastKnownFileType = text.xcconfig; name = "Pods-oneone2.debug.xcconfig"; path = "Target Support Files/Pods-oneone2/Pods-oneone2.debug.xcconfig"; sourceTree = "<group>"; };
		7E43E6CC980A3FECFC89156F /* Pods_oneone2Tests.framework */ = {isa = PBXFileReference; explicitFileType = wrapper.framework; includeInIndex = 0; path = Pods_oneone2Tests.framework; sourceTree = BUILT_PRODUCTS_DIR; };
		AB52EC3BA20F8F800ED2CE7B /* Pods_oneone2_oneone2UITests.framework */ = {isa = PBXFileReference; explicitFileType = wrapper.framework; includeInIndex = 0; path = Pods_oneone2_oneone2UITests.framework; sourceTree = BUILT_PRODUCTS_DIR; };
		BCF459BF548D558D2F8A54D4 /* Pods-oneone2Tests.release.xcconfig */ = {isa = PBXFileReference; includeInIndex = 1; lastKnownFileType = text.xcconfig; name = "Pods-oneone2Tests.release.xcconfig"; path = "Target Support Files/Pods-oneone2Tests/Pods-oneone2Tests.release.xcconfig"; sourceTree = "<group>"; };
		F5DA0B55BDE19E477035752C /* Pods-oneone2Tests.debug.xcconfig */ = {isa = PBXFileReference; includeInIndex = 1; lastKnownFileType = text.xcconfig; name = "Pods-oneone2Tests.debug.xcconfig"; path = "Target Support Files/Pods-oneone2Tests/Pods-oneone2Tests.debug.xcconfig"; sourceTree = "<group>"; };
/* End PBXFileReference section */

/* Begin PBXFrameworksBuildPhase section */
		6548EA8E2CDCFE5000359E90 /* Frameworks */ = {
			isa = PBXFrameworksBuildPhase;
			buildActionMask = 2147483647;
			files = (
				65BFC2952CEA3F2300C5BF3E /* FloatingPanel.framework in Frameworks */,
				6548EAFC2CDE577600359E90 /* GTMSessionFetcher.framework in Frameworks */,
				6548EAFE2CDE577900359E90 /* Pods_oneone2.framework in Frameworks */,
				6548EAFA2CDE577400359E90 /* FirebaseCore.framework in Frameworks */,
				6548EAF82CDE577200359E90 /* FirebaseAuth.framework in Frameworks */,
			);
			runOnlyForDeploymentPostprocessing = 0;
		};
		6548EAA42CDCFE5200359E90 /* Frameworks */ = {
			isa = PBXFrameworksBuildPhase;
			buildActionMask = 2147483647;
			files = (
				109DF925D8676CAF226137A3 /* Pods_oneone2Tests.framework in Frameworks */,
			);
			runOnlyForDeploymentPostprocessing = 0;
		};
		6548EAAE2CDCFE5200359E90 /* Frameworks */ = {
			isa = PBXFrameworksBuildPhase;
			buildActionMask = 2147483647;
			files = (
				5DDFBD85312ABE5FEF115B0F /* Pods_oneone2_oneone2UITests.framework in Frameworks */,
			);
			runOnlyForDeploymentPostprocessing = 0;
		};
/* End PBXFrameworksBuildPhase section */

/* Begin PBXGroup section */
		6548EA882CDCFE5000359E90 = {
			isa = PBXGroup;
			children = (
				6548EA932CDCFE5000359E90 /* oneone2 */,
				6548EAAA2CDCFE5200359E90 /* oneone2Tests */,
				6548EAB42CDCFE5200359E90 /* oneone2UITests */,
				6548EA922CDCFE5000359E90 /* Products */,
				F52BC95D06B169C04F89049D /* Pods */,
				9AB5AF1C5F4C9FB3E0CCF5E2 /* Frameworks */,
			);
			sourceTree = "<group>";
		};
		6548EA922CDCFE5000359E90 /* Products */ = {
			isa = PBXGroup;
			children = (
				6548EA912CDCFE5000359E90 /* oneone2.app */,
				6548EAA72CDCFE5200359E90 /* oneone2Tests.xctest */,
				6548EAB12CDCFE5200359E90 /* oneone2UITests.xctest */,
			);
			name = Products;
			sourceTree = "<group>";
		};
		6548EA932CDCFE5000359E90 /* oneone2 */ = {
			isa = PBXGroup;
			children = (
				65BFC2A42CEB1FCA00C5BF3E /* config */,
				65A0CC5D2CDF315E001E7C1B /* NoonnuBasicGothicRegular.ttf */,
				655E03E72CDF601E00E22E76 /* extensions */,
				65CDB7B62CE8875D00402DD4 /* ViewModels */,
				655E03E22CDF55AC00E22E76 /* Models */,
				65C013F12CDF4836007410E2 /* ViewControllers */,
				65A0CC5E2CDF3222001E7C1B /* Resources */,
				6548EA942CDCFE5000359E90 /* AppDelegate.swift */,
				6548EA962CDCFE5000359E90 /* SceneDelegate.swift */,
				6548EA9A2CDCFE5000359E90 /* Main.storyboard */,
				6548EA9D2CDCFE5200359E90 /* Assets.xcassets */,
				6548EA9F2CDCFE5200359E90 /* LaunchScreen.storyboard */,
				6548EAA22CDCFE5200359E90 /* Info.plist */,
				6548EAC62CDD02F400359E90 /* GoogleService-Info.plist */,
			);
			path = oneone2;
			sourceTree = "<group>";
		};
		6548EAAA2CDCFE5200359E90 /* oneone2Tests */ = {
			isa = PBXGroup;
			children = (
				6548EAAB2CDCFE5200359E90 /* oneone2Tests.swift */,
			);
			path = oneone2Tests;
			sourceTree = "<group>";
		};
		6548EAB42CDCFE5200359E90 /* oneone2UITests */ = {
			isa = PBXGroup;
			children = (
				6548EAB52CDCFE5200359E90 /* oneone2UITests.swift */,
				6548EAB72CDCFE5200359E90 /* oneone2UITestsLaunchTests.swift */,
			);
			path = oneone2UITests;
			sourceTree = "<group>";
		};
		655E03E22CDF55AC00E22E76 /* Models */ = {
			isa = PBXGroup;
			children = (
				655E03E32CDF55BD00E22E76 /* DiaryEntry.swift */,
				65CDB7B22CE881FD00402DD4 /* DiaryModel.swift */,
				65BFC2982CEB095500C5BF3E /* CategoryEntry.swift */,
				65BFC2962CEB094400C5BF3E /* CategoryModel.swift */,
				65CDB7B42CE8847100402DD4 /* UserSeesion.swift */,
			);
			path = Models;
			sourceTree = "<group>";
		};
		655E03E72CDF601E00E22E76 /* extensions */ = {
			isa = PBXGroup;
			children = (
				65A0CC572CDF2622001E7C1B /* UIColor_CustomColors.swift */,
				65A0CC592CDF2C74001E7C1B /* MainViewController+FSCalendar.swift */,
				655E03E82CDF604600E22E76 /* ListViewController+Extension.swift */,
				655E03EA2CDF653B00E22E76 /* MainViewController+Extension.swift */,
				65BFC2A02CEB165A00C5BF3E /* Category+Extension.swift */,
			);
			path = extensions;
			sourceTree = "<group>";
		};
		65A0CC5E2CDF3222001E7C1B /* Resources */ = {
			isa = PBXGroup;
			children = (
				65A0CC5F2CDF3243001E7C1B /* Fonts */,
			);
			path = Resources;
			sourceTree = "<group>";
		};
		65A0CC5F2CDF3243001E7C1B /* Fonts */ = {
			isa = PBXGroup;
			children = (
				65CDB7B02CE8791700402DD4 /* NoonnuBasicGothicRegular.ttf */,
			);
			path = Fonts;
			sourceTree = "<group>";
		};
		65BFC2A42CEB1FCA00C5BF3E /* config */ = {
			isa = PBXGroup;
			children = (
				65A0CC602CDF3A08001E7C1B /* TodoTableViewCell.swift */,
				65BFC2A22CEB199D00C5BF3E /* CategoryTableViewCell.swift */,
				65BFC29E2CEB157C00C5BF3E /* EmojiOnlyTextField.swift */,
				65BFC2A52CEB200400C5BF3E /* CategorySelectDelegate.swift */,
				65BFC2A92CEB41E200C5BF3E /* CustomFloatingPanelLayout.swift */,
			);
			path = config;
			sourceTree = "<group>";
		};
		65C013F12CDF4836007410E2 /* ViewControllers */ = {
			isa = PBXGroup;
			children = (
				65C013F22CDF4A64007410E2 /* WriteViewController.swift */,
				6548EAC42CDD00F800359E90 /* MainViewController.swift */,
				6548EAD12CDD09D200359E90 /* LoginViewController.swift */,
				655E03E52CDF5D1C00E22E76 /* ListViewController.swift */,
				6545EAB72CEA3ABC00763A13 /* CategoryPopupViewController.swift */,
				65BFC29C2CEB11BB00C5BF3E /* CategoryAddViewController.swift */,
			);
			path = ViewControllers;
			sourceTree = "<group>";
		};
		65CDB7B62CE8875D00402DD4 /* ViewModels */ = {
			isa = PBXGroup;
			children = (
				65CDB7B72CE8878300402DD4 /* DiaryViewModel.swift */,
				65BFC29A2CEB0A0A00C5BF3E /* CategoryViewModel.swift */,
			);
			path = ViewModels;
			sourceTree = "<group>";
		};
		9AB5AF1C5F4C9FB3E0CCF5E2 /* Frameworks */ = {
			isa = PBXGroup;
			children = (
				65BFC2942CEA3F2300C5BF3E /* FloatingPanel.framework */,
				6579E7002CDE66DC00D475C6 /* FSCalendar.framework */,
				6586EA532CDE626E00012A94 /* FSCalendar.framework */,
				650135112CDE596700622A5A /* FSCalendar.framework */,
				6548EAF62CDE575B00359E90 /* FirebaseAuth.framework */,
				6548EAF42CDE559F00359E90 /* FirebaseAuthInterop.framework */,
				6548EAF22CDE559B00359E90 /* GTMSessionFetcher.framework */,
				6548EAF02CDE557500359E90 /* FirebaseAuth.framework */,
				6548EAEE2CDE557100359E90 /* FirebaseCore.framework */,
				6548EAEC2CDD0B6600359E90 /* GTMSessionFetcher.framework */,
				6548EAE22CDD0B2700359E90 /* GTMSessionFetcher.framework */,
				6548EADD2CDD0AB200359E90 /* FirebaseAuth_Privacy.bundle */,
				6548EADA2CDD0AAB00359E90 /* GTMSessionFetcher.framework */,
				6548EAD72CDD0AA400359E90 /* FirebaseAuthInterop.framework */,
				6548EAD32CDD0A9900359E90 /* FirebaseAuth.framework */,
				1F29D09B327110D9F19C4169 /* Pods_oneone2.framework */,
				AB52EC3BA20F8F800ED2CE7B /* Pods_oneone2_oneone2UITests.framework */,
				7E43E6CC980A3FECFC89156F /* Pods_oneone2Tests.framework */,
			);
			name = Frameworks;
			sourceTree = "<group>";
		};
		F52BC95D06B169C04F89049D /* Pods */ = {
			isa = PBXGroup;
			children = (
				7928227DCF0A51DCE821B65E /* Pods-oneone2.debug.xcconfig */,
				32B29F75421B8F8F991E4F66 /* Pods-oneone2.release.xcconfig */,
				34BDDC47F1E4EAB6ADE743C4 /* Pods-oneone2-oneone2UITests.debug.xcconfig */,
				312A4071A339FE4862977826 /* Pods-oneone2-oneone2UITests.release.xcconfig */,
				F5DA0B55BDE19E477035752C /* Pods-oneone2Tests.debug.xcconfig */,
				BCF459BF548D558D2F8A54D4 /* Pods-oneone2Tests.release.xcconfig */,
			);
			path = Pods;
			sourceTree = "<group>";
		};
/* End PBXGroup section */

/* Begin PBXNativeTarget section */
		6548EA902CDCFE5000359E90 /* oneone2 */ = {
			isa = PBXNativeTarget;
			buildConfigurationList = 6548EABB2CDCFE5200359E90 /* Build configuration list for PBXNativeTarget "oneone2" */;
			buildPhases = (
				20F98C44B871E2EA77A96090 /* [CP] Check Pods Manifest.lock */,
				6548EA8D2CDCFE5000359E90 /* Sources */,
				6548EA8E2CDCFE5000359E90 /* Frameworks */,
				6548EA8F2CDCFE5000359E90 /* Resources */,
				F5B3CFDB35BB959FED1F1376 /* [CP] Embed Pods Frameworks */,
				6548EAD62CDD0A9900359E90 /* Embed Frameworks */,
			);
			buildRules = (
			);
			dependencies = (
			);
			name = oneone2;
			packageProductDependencies = (
			);
			productName = oneone2;
			productReference = 6548EA912CDCFE5000359E90 /* oneone2.app */;
			productType = "com.apple.product-type.application";
		};
		6548EAA62CDCFE5200359E90 /* oneone2Tests */ = {
			isa = PBXNativeTarget;
			buildConfigurationList = 6548EABE2CDCFE5200359E90 /* Build configuration list for PBXNativeTarget "oneone2Tests" */;
			buildPhases = (
				BE728ECE74B3231D0DDC2B00 /* [CP] Check Pods Manifest.lock */,
				6548EAA32CDCFE5200359E90 /* Sources */,
				6548EAA42CDCFE5200359E90 /* Frameworks */,
				6548EAA52CDCFE5200359E90 /* Resources */,
			);
			buildRules = (
			);
			dependencies = (
				6548EAA92CDCFE5200359E90 /* PBXTargetDependency */,
			);
			name = oneone2Tests;
			productName = oneone2Tests;
			productReference = 6548EAA72CDCFE5200359E90 /* oneone2Tests.xctest */;
			productType = "com.apple.product-type.bundle.unit-test";
		};
		6548EAB02CDCFE5200359E90 /* oneone2UITests */ = {
			isa = PBXNativeTarget;
			buildConfigurationList = 6548EAC12CDCFE5200359E90 /* Build configuration list for PBXNativeTarget "oneone2UITests" */;
			buildPhases = (
				FC34EDC464B391069A501C40 /* [CP] Check Pods Manifest.lock */,
				6548EAAD2CDCFE5200359E90 /* Sources */,
				6548EAAE2CDCFE5200359E90 /* Frameworks */,
				6548EAAF2CDCFE5200359E90 /* Resources */,
				6BCFE4C654682F77E360F2E1 /* [CP] Embed Pods Frameworks */,
			);
			buildRules = (
			);
			dependencies = (
				6548EAB32CDCFE5200359E90 /* PBXTargetDependency */,
			);
			name = oneone2UITests;
			productName = oneone2UITests;
			productReference = 6548EAB12CDCFE5200359E90 /* oneone2UITests.xctest */;
			productType = "com.apple.product-type.bundle.ui-testing";
		};
/* End PBXNativeTarget section */

/* Begin PBXProject section */
		6548EA892CDCFE5000359E90 /* Project object */ = {
			isa = PBXProject;
			attributes = {
				BuildIndependentTargetsInParallel = 1;
				LastSwiftUpdateCheck = 1540;
				LastUpgradeCheck = 1540;
				TargetAttributes = {
					6548EA902CDCFE5000359E90 = {
						CreatedOnToolsVersion = 15.4;
					};
					6548EAA62CDCFE5200359E90 = {
						CreatedOnToolsVersion = 15.4;
						TestTargetID = 6548EA902CDCFE5000359E90;
					};
					6548EAB02CDCFE5200359E90 = {
						CreatedOnToolsVersion = 15.4;
						TestTargetID = 6548EA902CDCFE5000359E90;
					};
				};
			};
			buildConfigurationList = 6548EA8C2CDCFE5000359E90 /* Build configuration list for PBXProject "oneone2" */;
			compatibilityVersion = "Xcode 14.0";
			developmentRegion = en;
			hasScannedForEncodings = 0;
			knownRegions = (
				en,
				Base,
			);
			mainGroup = 6548EA882CDCFE5000359E90;
			packageReferences = (
				65A0CC562CDF20D9001E7C1B /* XCRemoteSwiftPackageReference "FSCalendar" */,
				6545EAB42CEA38A700763A13 /* XCRemoteSwiftPackageReference "FloatingPanel" */,
			);
			productRefGroup = 6548EA922CDCFE5000359E90 /* Products */;
			projectDirPath = "";
			projectRoot = "";
			targets = (
				6548EA902CDCFE5000359E90 /* oneone2 */,
				6548EAA62CDCFE5200359E90 /* oneone2Tests */,
				6548EAB02CDCFE5200359E90 /* oneone2UITests */,
			);
		};
/* End PBXProject section */

/* Begin PBXResourcesBuildPhase section */
		6548EA8F2CDCFE5000359E90 /* Resources */ = {
			isa = PBXResourcesBuildPhase;
			buildActionMask = 2147483647;
			files = (
				6548EA9E2CDCFE5200359E90 /* Assets.xcassets in Resources */,
				6579E7022CDE683D00D475C6 /* Main.storyboard in Resources */,
				6548EAC72CDD02F400359E90 /* GoogleService-Info.plist in Resources */,
				6548EAA12CDCFE5200359E90 /* Base in Resources */,
				6548EA9C2CDCFE5000359E90 /* Base in Resources */,
				65CDB7B12CE8791700402DD4 /* NoonnuBasicGothicRegular.ttf in Resources */,
			);
			runOnlyForDeploymentPostprocessing = 0;
		};
		6548EAA52CDCFE5200359E90 /* Resources */ = {
			isa = PBXResourcesBuildPhase;
			buildActionMask = 2147483647;
			files = (
			);
			runOnlyForDeploymentPostprocessing = 0;
		};
		6548EAAF2CDCFE5200359E90 /* Resources */ = {
			isa = PBXResourcesBuildPhase;
			buildActionMask = 2147483647;
			files = (
			);
			runOnlyForDeploymentPostprocessing = 0;
		};
/* End PBXResourcesBuildPhase section */

/* Begin PBXShellScriptBuildPhase section */
		20F98C44B871E2EA77A96090 /* [CP] Check Pods Manifest.lock */ = {
			isa = PBXShellScriptBuildPhase;
			buildActionMask = 2147483647;
			files = (
			);
			inputFileListPaths = (
			);
			inputPaths = (
				"${PODS_PODFILE_DIR_PATH}/Podfile.lock",
				"${PODS_ROOT}/Manifest.lock",
			);
			name = "[CP] Check Pods Manifest.lock";
			outputFileListPaths = (
			);
			outputPaths = (
				"$(DERIVED_FILE_DIR)/Pods-oneone2-checkManifestLockResult.txt",
			);
			runOnlyForDeploymentPostprocessing = 0;
			shellPath = /bin/sh;
			shellScript = "diff \"${PODS_PODFILE_DIR_PATH}/Podfile.lock\" \"${PODS_ROOT}/Manifest.lock\" > /dev/null\nif [ $? != 0 ] ; then\n    # print error to STDERR\n    echo \"error: The sandbox is not in sync with the Podfile.lock. Run 'pod install' or update your CocoaPods installation.\" >&2\n    exit 1\nfi\n# This output is used by Xcode 'outputs' to avoid re-running this script phase.\necho \"SUCCESS\" > \"${SCRIPT_OUTPUT_FILE_0}\"\n";
			showEnvVarsInLog = 0;
		};
		6BCFE4C654682F77E360F2E1 /* [CP] Embed Pods Frameworks */ = {
			isa = PBXShellScriptBuildPhase;
			buildActionMask = 2147483647;
			files = (
			);
			inputFileListPaths = (
				"${PODS_ROOT}/Target Support Files/Pods-oneone2-oneone2UITests/Pods-oneone2-oneone2UITests-frameworks-${CONFIGURATION}-input-files.xcfilelist",
			);
			name = "[CP] Embed Pods Frameworks";
			outputFileListPaths = (
				"${PODS_ROOT}/Target Support Files/Pods-oneone2-oneone2UITests/Pods-oneone2-oneone2UITests-frameworks-${CONFIGURATION}-output-files.xcfilelist",
			);
			runOnlyForDeploymentPostprocessing = 0;
			shellPath = /bin/sh;
			shellScript = "\"${PODS_ROOT}/Target Support Files/Pods-oneone2-oneone2UITests/Pods-oneone2-oneone2UITests-frameworks.sh\"\n";
			showEnvVarsInLog = 0;
		};
		BE728ECE74B3231D0DDC2B00 /* [CP] Check Pods Manifest.lock */ = {
			isa = PBXShellScriptBuildPhase;
			buildActionMask = 2147483647;
			files = (
			);
			inputFileListPaths = (
			);
			inputPaths = (
				"${PODS_PODFILE_DIR_PATH}/Podfile.lock",
				"${PODS_ROOT}/Manifest.lock",
			);
			name = "[CP] Check Pods Manifest.lock";
			outputFileListPaths = (
			);
			outputPaths = (
				"$(DERIVED_FILE_DIR)/Pods-oneone2Tests-checkManifestLockResult.txt",
			);
			runOnlyForDeploymentPostprocessing = 0;
			shellPath = /bin/sh;
			shellScript = "diff \"${PODS_PODFILE_DIR_PATH}/Podfile.lock\" \"${PODS_ROOT}/Manifest.lock\" > /dev/null\nif [ $? != 0 ] ; then\n    # print error to STDERR\n    echo \"error: The sandbox is not in sync with the Podfile.lock. Run 'pod install' or update your CocoaPods installation.\" >&2\n    exit 1\nfi\n# This output is used by Xcode 'outputs' to avoid re-running this script phase.\necho \"SUCCESS\" > \"${SCRIPT_OUTPUT_FILE_0}\"\n";
			showEnvVarsInLog = 0;
		};
		F5B3CFDB35BB959FED1F1376 /* [CP] Embed Pods Frameworks */ = {
			isa = PBXShellScriptBuildPhase;
			buildActionMask = 2147483647;
			files = (
			);
			inputFileListPaths = (
				"${PODS_ROOT}/Target Support Files/Pods-oneone2/Pods-oneone2-frameworks-${CONFIGURATION}-input-files.xcfilelist",
			);
			name = "[CP] Embed Pods Frameworks";
			outputFileListPaths = (
				"${PODS_ROOT}/Target Support Files/Pods-oneone2/Pods-oneone2-frameworks-${CONFIGURATION}-output-files.xcfilelist",
			);
			runOnlyForDeploymentPostprocessing = 0;
			shellPath = /bin/sh;
			shellScript = "\"${PODS_ROOT}/Target Support Files/Pods-oneone2/Pods-oneone2-frameworks.sh\"\n";
			showEnvVarsInLog = 0;
		};
		FC34EDC464B391069A501C40 /* [CP] Check Pods Manifest.lock */ = {
			isa = PBXShellScriptBuildPhase;
			buildActionMask = 2147483647;
			files = (
			);
			inputFileListPaths = (
			);
			inputPaths = (
				"${PODS_PODFILE_DIR_PATH}/Podfile.lock",
				"${PODS_ROOT}/Manifest.lock",
			);
			name = "[CP] Check Pods Manifest.lock";
			outputFileListPaths = (
			);
			outputPaths = (
				"$(DERIVED_FILE_DIR)/Pods-oneone2-oneone2UITests-checkManifestLockResult.txt",
			);
			runOnlyForDeploymentPostprocessing = 0;
			shellPath = /bin/sh;
			shellScript = "diff \"${PODS_PODFILE_DIR_PATH}/Podfile.lock\" \"${PODS_ROOT}/Manifest.lock\" > /dev/null\nif [ $? != 0 ] ; then\n    # print error to STDERR\n    echo \"error: The sandbox is not in sync with the Podfile.lock. Run 'pod install' or update your CocoaPods installation.\" >&2\n    exit 1\nfi\n# This output is used by Xcode 'outputs' to avoid re-running this script phase.\necho \"SUCCESS\" > \"${SCRIPT_OUTPUT_FILE_0}\"\n";
			showEnvVarsInLog = 0;
		};
/* End PBXShellScriptBuildPhase section */

/* Begin PBXSourcesBuildPhase section */
		6548EA8D2CDCFE5000359E90 /* Sources */ = {
			isa = PBXSourcesBuildPhase;
			buildActionMask = 2147483647;
			files = (
				65BFC29D2CEB11BB00C5BF3E /* CategoryAddViewController.swift in Sources */,
				6548EAD22CDD09D200359E90 /* LoginViewController.swift in Sources */,
				65BFC2A32CEB199D00C5BF3E /* CategoryTableViewCell.swift in Sources */,
				6548EA952CDCFE5000359E90 /* AppDelegate.swift in Sources */,
				65A0CC582CDF2622001E7C1B /* UIColor_CustomColors.swift in Sources */,
				65CDB7B82CE8878300402DD4 /* DiaryViewModel.swift in Sources */,
				65BFC2972CEB094400C5BF3E /* CategoryModel.swift in Sources */,
				655E03E92CDF604600E22E76 /* ListViewController+Extension.swift in Sources */,
				6548EA972CDCFE5000359E90 /* SceneDelegate.swift in Sources */,
				65A0CC5A2CDF2C74001E7C1B /* MainViewController+FSCalendar.swift in Sources */,
				6545EAB82CEA3ABC00763A13 /* CategoryPopupViewController.swift in Sources */,
				65A0CC612CDF3A08001E7C1B /* TodoTableViewCell.swift in Sources */,
				65BFC29B2CEB0A0A00C5BF3E /* CategoryViewModel.swift in Sources */,
				65BFC29F2CEB157C00C5BF3E /* EmojiOnlyTextField.swift in Sources */,
				65BFC2A12CEB165A00C5BF3E /* Category+Extension.swift in Sources */,
				65CDB7B52CE8847100402DD4 /* UserSeesion.swift in Sources */,
				65BFC2AA2CEB41E200C5BF3E /* CustomFloatingPanelLayout.swift in Sources */,
				65BFC2A62CEB200400C5BF3E /* CategorySelectDelegate.swift in Sources */,
				65C013F32CDF4A64007410E2 /* WriteViewController.swift in Sources */,
				655E03E42CDF55BD00E22E76 /* DiaryEntry.swift in Sources */,
				65CDB7B32CE881FD00402DD4 /* DiaryModel.swift in Sources */,
				655E03EB2CDF653B00E22E76 /* MainViewController+Extension.swift in Sources */,
				655E03E62CDF5D1C00E22E76 /* ListViewController.swift in Sources */,
				65BFC2992CEB095500C5BF3E /* CategoryEntry.swift in Sources */,
				6548EAC52CDD00F800359E90 /* MainViewController.swift in Sources */,
			);
			runOnlyForDeploymentPostprocessing = 0;
		};
		6548EAA32CDCFE5200359E90 /* Sources */ = {
			isa = PBXSourcesBuildPhase;
			buildActionMask = 2147483647;
			files = (
				6548EAAC2CDCFE5200359E90 /* oneone2Tests.swift in Sources */,
			);
			runOnlyForDeploymentPostprocessing = 0;
		};
		6548EAAD2CDCFE5200359E90 /* Sources */ = {
			isa = PBXSourcesBuildPhase;
			buildActionMask = 2147483647;
			files = (
				6548EAB62CDCFE5200359E90 /* oneone2UITests.swift in Sources */,
				6548EAB82CDCFE5200359E90 /* oneone2UITestsLaunchTests.swift in Sources */,
			);
			runOnlyForDeploymentPostprocessing = 0;
		};
/* End PBXSourcesBuildPhase section */

/* Begin PBXTargetDependency section */
		6548EAA92CDCFE5200359E90 /* PBXTargetDependency */ = {
			isa = PBXTargetDependency;
			target = 6548EA902CDCFE5000359E90 /* oneone2 */;
			targetProxy = 6548EAA82CDCFE5200359E90 /* PBXContainerItemProxy */;
		};
		6548EAB32CDCFE5200359E90 /* PBXTargetDependency */ = {
			isa = PBXTargetDependency;
			target = 6548EA902CDCFE5000359E90 /* oneone2 */;
			targetProxy = 6548EAB22CDCFE5200359E90 /* PBXContainerItemProxy */;
		};
/* End PBXTargetDependency section */

/* Begin PBXVariantGroup section */
		6548EA9A2CDCFE5000359E90 /* Main.storyboard */ = {
			isa = PBXVariantGroup;
			children = (
				6548EA9B2CDCFE5000359E90 /* Base */,
			);
			name = Main.storyboard;
			sourceTree = "<group>";
		};
		6548EA9F2CDCFE5200359E90 /* LaunchScreen.storyboard */ = {
			isa = PBXVariantGroup;
			children = (
				6548EAA02CDCFE5200359E90 /* Base */,
			);
			name = LaunchScreen.storyboard;
			sourceTree = "<group>";
		};
/* End PBXVariantGroup section */

/* Begin XCBuildConfiguration section */
		6548EAB92CDCFE5200359E90 /* Debug */ = {
			isa = XCBuildConfiguration;
			buildSettings = {
				ALWAYS_SEARCH_USER_PATHS = NO;
				ASSETCATALOG_COMPILER_GENERATE_SWIFT_ASSET_SYMBOL_EXTENSIONS = YES;
				CLANG_ANALYZER_NONNULL = YES;
				CLANG_ANALYZER_NUMBER_OBJECT_CONVERSION = YES_AGGRESSIVE;
				CLANG_CXX_LANGUAGE_STANDARD = "gnu++20";
				CLANG_ENABLE_MODULES = YES;
				CLANG_ENABLE_OBJC_ARC = YES;
				CLANG_ENABLE_OBJC_WEAK = YES;
				CLANG_WARN_BLOCK_CAPTURE_AUTORELEASING = YES;
				CLANG_WARN_BOOL_CONVERSION = YES;
				CLANG_WARN_COMMA = YES;
				CLANG_WARN_CONSTANT_CONVERSION = YES;
				CLANG_WARN_DEPRECATED_OBJC_IMPLEMENTATIONS = YES;
				CLANG_WARN_DIRECT_OBJC_ISA_USAGE = YES_ERROR;
				CLANG_WARN_DOCUMENTATION_COMMENTS = YES;
				CLANG_WARN_EMPTY_BODY = YES;
				CLANG_WARN_ENUM_CONVERSION = YES;
				CLANG_WARN_INFINITE_RECURSION = YES;
				CLANG_WARN_INT_CONVERSION = YES;
				CLANG_WARN_NON_LITERAL_NULL_CONVERSION = YES;
				CLANG_WARN_OBJC_IMPLICIT_RETAIN_SELF = YES;
				CLANG_WARN_OBJC_LITERAL_CONVERSION = YES;
				CLANG_WARN_OBJC_ROOT_CLASS = YES_ERROR;
				CLANG_WARN_QUOTED_INCLUDE_IN_FRAMEWORK_HEADER = YES;
				CLANG_WARN_RANGE_LOOP_ANALYSIS = YES;
				CLANG_WARN_STRICT_PROTOTYPES = YES;
				CLANG_WARN_SUSPICIOUS_MOVE = YES;
				CLANG_WARN_UNGUARDED_AVAILABILITY = YES_AGGRESSIVE;
				CLANG_WARN_UNREACHABLE_CODE = YES;
				CLANG_WARN__DUPLICATE_METHOD_MATCH = YES;
				COPY_PHASE_STRIP = NO;
				DEBUG_INFORMATION_FORMAT = dwarf;
				ENABLE_STRICT_OBJC_MSGSEND = YES;
				ENABLE_TESTABILITY = YES;
				ENABLE_USER_SCRIPT_SANDBOXING = YES;
				GCC_C_LANGUAGE_STANDARD = gnu17;
				GCC_DYNAMIC_NO_PIC = NO;
				GCC_NO_COMMON_BLOCKS = YES;
				GCC_OPTIMIZATION_LEVEL = 0;
				GCC_PREPROCESSOR_DEFINITIONS = (
					"DEBUG=1",
					"$(inherited)",
				);
				GCC_WARN_64_TO_32_BIT_CONVERSION = YES;
				GCC_WARN_ABOUT_RETURN_TYPE = YES_ERROR;
				GCC_WARN_UNDECLARED_SELECTOR = YES;
				GCC_WARN_UNINITIALIZED_AUTOS = YES_AGGRESSIVE;
				GCC_WARN_UNUSED_FUNCTION = YES;
				GCC_WARN_UNUSED_VARIABLE = YES;
				IPHONEOS_DEPLOYMENT_TARGET = 17.5;
				LOCALIZATION_PREFERS_STRING_CATALOGS = YES;
				MTL_ENABLE_DEBUG_INFO = INCLUDE_SOURCE;
				MTL_FAST_MATH = YES;
				ONLY_ACTIVE_ARCH = YES;
				SDKROOT = iphoneos;
				SWIFT_ACTIVE_COMPILATION_CONDITIONS = "DEBUG $(inherited)";
				SWIFT_OPTIMIZATION_LEVEL = "-Onone";
			};
			name = Debug;
		};
		6548EABA2CDCFE5200359E90 /* Release */ = {
			isa = XCBuildConfiguration;
			buildSettings = {
				ALWAYS_SEARCH_USER_PATHS = NO;
				ASSETCATALOG_COMPILER_GENERATE_SWIFT_ASSET_SYMBOL_EXTENSIONS = YES;
				CLANG_ANALYZER_NONNULL = YES;
				CLANG_ANALYZER_NUMBER_OBJECT_CONVERSION = YES_AGGRESSIVE;
				CLANG_CXX_LANGUAGE_STANDARD = "gnu++20";
				CLANG_ENABLE_MODULES = YES;
				CLANG_ENABLE_OBJC_ARC = YES;
				CLANG_ENABLE_OBJC_WEAK = YES;
				CLANG_WARN_BLOCK_CAPTURE_AUTORELEASING = YES;
				CLANG_WARN_BOOL_CONVERSION = YES;
				CLANG_WARN_COMMA = YES;
				CLANG_WARN_CONSTANT_CONVERSION = YES;
				CLANG_WARN_DEPRECATED_OBJC_IMPLEMENTATIONS = YES;
				CLANG_WARN_DIRECT_OBJC_ISA_USAGE = YES_ERROR;
				CLANG_WARN_DOCUMENTATION_COMMENTS = YES;
				CLANG_WARN_EMPTY_BODY = YES;
				CLANG_WARN_ENUM_CONVERSION = YES;
				CLANG_WARN_INFINITE_RECURSION = YES;
				CLANG_WARN_INT_CONVERSION = YES;
				CLANG_WARN_NON_LITERAL_NULL_CONVERSION = YES;
				CLANG_WARN_OBJC_IMPLICIT_RETAIN_SELF = YES;
				CLANG_WARN_OBJC_LITERAL_CONVERSION = YES;
				CLANG_WARN_OBJC_ROOT_CLASS = YES_ERROR;
				CLANG_WARN_QUOTED_INCLUDE_IN_FRAMEWORK_HEADER = YES;
				CLANG_WARN_RANGE_LOOP_ANALYSIS = YES;
				CLANG_WARN_STRICT_PROTOTYPES = YES;
				CLANG_WARN_SUSPICIOUS_MOVE = YES;
				CLANG_WARN_UNGUARDED_AVAILABILITY = YES_AGGRESSIVE;
				CLANG_WARN_UNREACHABLE_CODE = YES;
				CLANG_WARN__DUPLICATE_METHOD_MATCH = YES;
				COPY_PHASE_STRIP = NO;
				DEBUG_INFORMATION_FORMAT = "dwarf-with-dsym";
				ENABLE_NS_ASSERTIONS = NO;
				ENABLE_STRICT_OBJC_MSGSEND = YES;
				ENABLE_USER_SCRIPT_SANDBOXING = YES;
				GCC_C_LANGUAGE_STANDARD = gnu17;
				GCC_NO_COMMON_BLOCKS = YES;
				GCC_WARN_64_TO_32_BIT_CONVERSION = YES;
				GCC_WARN_ABOUT_RETURN_TYPE = YES_ERROR;
				GCC_WARN_UNDECLARED_SELECTOR = YES;
				GCC_WARN_UNINITIALIZED_AUTOS = YES_AGGRESSIVE;
				GCC_WARN_UNUSED_FUNCTION = YES;
				GCC_WARN_UNUSED_VARIABLE = YES;
				IPHONEOS_DEPLOYMENT_TARGET = 17.5;
				LOCALIZATION_PREFERS_STRING_CATALOGS = YES;
				MTL_ENABLE_DEBUG_INFO = NO;
				MTL_FAST_MATH = YES;
				SDKROOT = iphoneos;
				SWIFT_COMPILATION_MODE = wholemodule;
				VALIDATE_PRODUCT = YES;
			};
			name = Release;
		};
		6548EABC2CDCFE5200359E90 /* Debug */ = {
			isa = XCBuildConfiguration;
			baseConfigurationReference = 7928227DCF0A51DCE821B65E /* Pods-oneone2.debug.xcconfig */;
			buildSettings = {
				ASSETCATALOG_COMPILER_APPICON_NAME = AppIcon;
				ASSETCATALOG_COMPILER_GLOBAL_ACCENT_COLOR_NAME = AccentColor;
				CODE_SIGN_STYLE = Automatic;
				CURRENT_PROJECT_VERSION = 1;
				DEVELOPMENT_TEAM = H9H2MUJZ58;
				ENABLE_USER_SCRIPT_SANDBOXING = NO;
				GENERATE_INFOPLIST_FILE = YES;
				INFOPLIST_FILE = oneone2/Info.plist;
				INFOPLIST_KEY_CFBundleDisplayName = "일일이";
				INFOPLIST_KEY_UIApplicationSupportsIndirectInputEvents = YES;
				INFOPLIST_KEY_UILaunchStoryboardName = LaunchScreen;
				INFOPLIST_KEY_UIMainStoryboardFile = Main;
				INFOPLIST_KEY_UISupportedInterfaceOrientations_iPad = "UIInterfaceOrientationPortrait UIInterfaceOrientationPortraitUpsideDown UIInterfaceOrientationLandscapeLeft UIInterfaceOrientationLandscapeRight";
				INFOPLIST_KEY_UISupportedInterfaceOrientations_iPhone = "UIInterfaceOrientationPortrait UIInterfaceOrientationLandscapeLeft UIInterfaceOrientationLandscapeRight";
				IPHONEOS_DEPLOYMENT_TARGET = 13.0;
				LD_RUNPATH_SEARCH_PATHS = (
					"$(inherited)",
					"@executable_path/Frameworks",
				);
				MARKETING_VERSION = 1.0;
				PRODUCT_BUNDLE_IDENTIFIER = duridudu.oneone2;
				PRODUCT_NAME = "$(TARGET_NAME)";
				SWIFT_EMIT_LOC_STRINGS = YES;
				SWIFT_VERSION = 5.0;
				TARGETED_DEVICE_FAMILY = "1,2";
			};
			name = Debug;
		};
		6548EABD2CDCFE5200359E90 /* Release */ = {
			isa = XCBuildConfiguration;
			baseConfigurationReference = 32B29F75421B8F8F991E4F66 /* Pods-oneone2.release.xcconfig */;
			buildSettings = {
				ASSETCATALOG_COMPILER_APPICON_NAME = AppIcon;
				ASSETCATALOG_COMPILER_GLOBAL_ACCENT_COLOR_NAME = AccentColor;
				CODE_SIGN_STYLE = Automatic;
				CURRENT_PROJECT_VERSION = 1;
				DEVELOPMENT_TEAM = H9H2MUJZ58;
				ENABLE_USER_SCRIPT_SANDBOXING = NO;
				GENERATE_INFOPLIST_FILE = YES;
				INFOPLIST_FILE = oneone2/Info.plist;
				INFOPLIST_KEY_CFBundleDisplayName = "일일이";
				INFOPLIST_KEY_UIApplicationSupportsIndirectInputEvents = YES;
				INFOPLIST_KEY_UILaunchStoryboardName = LaunchScreen;
				INFOPLIST_KEY_UIMainStoryboardFile = Main;
				INFOPLIST_KEY_UISupportedInterfaceOrientations_iPad = "UIInterfaceOrientationPortrait UIInterfaceOrientationPortraitUpsideDown UIInterfaceOrientationLandscapeLeft UIInterfaceOrientationLandscapeRight";
				INFOPLIST_KEY_UISupportedInterfaceOrientations_iPhone = "UIInterfaceOrientationPortrait UIInterfaceOrientationLandscapeLeft UIInterfaceOrientationLandscapeRight";
				IPHONEOS_DEPLOYMENT_TARGET = 13.0;
				LD_RUNPATH_SEARCH_PATHS = (
					"$(inherited)",
					"@executable_path/Frameworks",
				);
				MARKETING_VERSION = 1.0;
				PRODUCT_BUNDLE_IDENTIFIER = duridudu.oneone2;
				PRODUCT_NAME = "$(TARGET_NAME)";
				SWIFT_EMIT_LOC_STRINGS = YES;
				SWIFT_VERSION = 5.0;
				TARGETED_DEVICE_FAMILY = "1,2";
			};
			name = Release;
		};
		6548EABF2CDCFE5200359E90 /* Debug */ = {
			isa = XCBuildConfiguration;
			baseConfigurationReference = F5DA0B55BDE19E477035752C /* Pods-oneone2Tests.debug.xcconfig */;
			buildSettings = {
				ALWAYS_EMBED_SWIFT_STANDARD_LIBRARIES = YES;
				BUNDLE_LOADER = "$(TEST_HOST)";
				CODE_SIGN_STYLE = Automatic;
				CURRENT_PROJECT_VERSION = 1;
				DEVELOPMENT_TEAM = H9H2MUJZ58;
				GENERATE_INFOPLIST_FILE = YES;
				IPHONEOS_DEPLOYMENT_TARGET = 17.5;
				MARKETING_VERSION = 1.0;
				PRODUCT_BUNDLE_IDENTIFIER = duridudu.oneone2Tests;
				PRODUCT_NAME = "$(TARGET_NAME)";
				SWIFT_EMIT_LOC_STRINGS = NO;
				SWIFT_VERSION = 5.0;
				TARGETED_DEVICE_FAMILY = "1,2";
				TEST_HOST = "$(BUILT_PRODUCTS_DIR)/oneone2.app/$(BUNDLE_EXECUTABLE_FOLDER_PATH)/oneone2";
			};
			name = Debug;
		};
		6548EAC02CDCFE5200359E90 /* Release */ = {
			isa = XCBuildConfiguration;
			baseConfigurationReference = BCF459BF548D558D2F8A54D4 /* Pods-oneone2Tests.release.xcconfig */;
			buildSettings = {
				ALWAYS_EMBED_SWIFT_STANDARD_LIBRARIES = YES;
				BUNDLE_LOADER = "$(TEST_HOST)";
				CODE_SIGN_STYLE = Automatic;
				CURRENT_PROJECT_VERSION = 1;
				DEVELOPMENT_TEAM = H9H2MUJZ58;
				GENERATE_INFOPLIST_FILE = YES;
				IPHONEOS_DEPLOYMENT_TARGET = 17.5;
				MARKETING_VERSION = 1.0;
				PRODUCT_BUNDLE_IDENTIFIER = duridudu.oneone2Tests;
				PRODUCT_NAME = "$(TARGET_NAME)";
				SWIFT_EMIT_LOC_STRINGS = NO;
				SWIFT_VERSION = 5.0;
				TARGETED_DEVICE_FAMILY = "1,2";
				TEST_HOST = "$(BUILT_PRODUCTS_DIR)/oneone2.app/$(BUNDLE_EXECUTABLE_FOLDER_PATH)/oneone2";
			};
			name = Release;
		};
		6548EAC22CDCFE5200359E90 /* Debug */ = {
			isa = XCBuildConfiguration;
			baseConfigurationReference = 34BDDC47F1E4EAB6ADE743C4 /* Pods-oneone2-oneone2UITests.debug.xcconfig */;
			buildSettings = {
				ALWAYS_EMBED_SWIFT_STANDARD_LIBRARIES = YES;
				CODE_SIGN_STYLE = Automatic;
				CURRENT_PROJECT_VERSION = 1;
				DEVELOPMENT_TEAM = H9H2MUJZ58;
				GENERATE_INFOPLIST_FILE = YES;
				MARKETING_VERSION = 1.0;
				PRODUCT_BUNDLE_IDENTIFIER = duridudu.oneone2UITests;
				PRODUCT_NAME = "$(TARGET_NAME)";
				SWIFT_EMIT_LOC_STRINGS = NO;
				SWIFT_VERSION = 5.0;
				TARGETED_DEVICE_FAMILY = "1,2";
				TEST_TARGET_NAME = oneone2;
			};
			name = Debug;
		};
		6548EAC32CDCFE5200359E90 /* Release */ = {
			isa = XCBuildConfiguration;
			baseConfigurationReference = 312A4071A339FE4862977826 /* Pods-oneone2-oneone2UITests.release.xcconfig */;
			buildSettings = {
				ALWAYS_EMBED_SWIFT_STANDARD_LIBRARIES = YES;
				CODE_SIGN_STYLE = Automatic;
				CURRENT_PROJECT_VERSION = 1;
				DEVELOPMENT_TEAM = H9H2MUJZ58;
				GENERATE_INFOPLIST_FILE = YES;
				MARKETING_VERSION = 1.0;
				PRODUCT_BUNDLE_IDENTIFIER = duridudu.oneone2UITests;
				PRODUCT_NAME = "$(TARGET_NAME)";
				SWIFT_EMIT_LOC_STRINGS = NO;
				SWIFT_VERSION = 5.0;
				TARGETED_DEVICE_FAMILY = "1,2";
				TEST_TARGET_NAME = oneone2;
			};
			name = Release;
		};
/* End XCBuildConfiguration section */

/* Begin XCConfigurationList section */
		6548EA8C2CDCFE5000359E90 /* Build configuration list for PBXProject "oneone2" */ = {
			isa = XCConfigurationList;
			buildConfigurations = (
				6548EAB92CDCFE5200359E90 /* Debug */,
				6548EABA2CDCFE5200359E90 /* Release */,
			);
			defaultConfigurationIsVisible = 0;
			defaultConfigurationName = Release;
		};
		6548EABB2CDCFE5200359E90 /* Build configuration list for PBXNativeTarget "oneone2" */ = {
			isa = XCConfigurationList;
			buildConfigurations = (
				6548EABC2CDCFE5200359E90 /* Debug */,
				6548EABD2CDCFE5200359E90 /* Release */,
			);
			defaultConfigurationIsVisible = 0;
			defaultConfigurationName = Release;
		};
		6548EABE2CDCFE5200359E90 /* Build configuration list for PBXNativeTarget "oneone2Tests" */ = {
			isa = XCConfigurationList;
			buildConfigurations = (
				6548EABF2CDCFE5200359E90 /* Debug */,
				6548EAC02CDCFE5200359E90 /* Release */,
			);
			defaultConfigurationIsVisible = 0;
			defaultConfigurationName = Release;
		};
		6548EAC12CDCFE5200359E90 /* Build configuration list for PBXNativeTarget "oneone2UITests" */ = {
			isa = XCConfigurationList;
			buildConfigurations = (
				6548EAC22CDCFE5200359E90 /* Debug */,
				6548EAC32CDCFE5200359E90 /* Release */,
			);
			defaultConfigurationIsVisible = 0;
			defaultConfigurationName = Release;
		};
/* End XCConfigurationList section */

/* Begin XCRemoteSwiftPackageReference section */
		6545EAB42CEA38A700763A13 /* XCRemoteSwiftPackageReference "FloatingPanel" */ = {
			isa = XCRemoteSwiftPackageReference;
			repositoryURL = "https://github.com/scenee/FloatingPanel";
			requirement = {
				kind = upToNextMajorVersion;
				minimumVersion = 2.8.6;
			};
		};
		65A0CC562CDF20D9001E7C1B /* XCRemoteSwiftPackageReference "FSCalendar" */ = {
			isa = XCRemoteSwiftPackageReference;
			repositoryURL = "https://github.com/WenchaoD/FSCalendar";
			requirement = {
				kind = upToNextMajorVersion;
				minimumVersion = 2.8.4;
			};
		};
/* End XCRemoteSwiftPackageReference section */
	};
	rootObject = 6548EA892CDCFE5000359E90 /* Project object */;
}
